
Microsoft Visual Studio Solution File, Format Version 12.00
# Visual Studio Version 17
VisualStudioVersion = 17.3.32929.385
MinimumVisualStudioVersion = 10.0.40219.1
Project("{FAE04EC0-301F-11D3-BF4B-00C04F79EFBC}") = "APIFramework", "APIFramework\APIFramework.csproj", "{C0968439-4D62-4C29-B940-E37CBF379C87}"
EndProject
Project("{FAE04EC0-301F-11D3-BF4B-00C04F79EFBC}") = "APITests", "APITests\APITests.csproj", "{43A0C988-32B3-424C-9916-4C09D30974EE}"
EndProject
Global
	GlobalSection(SolutionConfigurationPlatforms) = preSolution
		Debug|Any CPU = Debug|Any CPU
		Release|Any CPU = Release|Any CPU
	EndGlobalSection
	GlobalSection(ProjectConfigurationPlatforms) = postSolution
		{C0968439-4D62-4C29-B940-E37CBF379C87}.Debug|Any CPU.ActiveCfg = Debug|Any CPU
		{C0968439-4D62-4C29-B940-E37CBF379C87}.Debug|Any CPU.Build.0 = Debug|Any CPU
		{C0968439-4D62-4C29-B940-E37CBF379C87}.Release|Any CPU.ActiveCfg = Release|Any CPU
		{C0968439-4D62-4C29-B940-E37CBF379C87}.Release|Any CPU.Build.0 = Release|Any CPU
		{43A0C988-32B3-424C-9916-4C09D30974EE}.Debug|Any CPU.ActiveCfg = Debug|Any CPU
		{43A0C988-32B3-424C-9916-4C09D30974EE}.Debug|Any CPU.Build.0 = Debug|Any CPU
		{43A0C988-32B3-424C-9916-4C09D30974EE}.Release|Any CPU.ActiveCfg = Release|Any CPU
		{43A0C988-32B3-424C-9916-4C09D30974EE}.Release|Any CPU.Build.0 = Release|Any CPU
	EndGlobalSection
	GlobalSection(SolutionProperties) = preSolution
		HideSolutionNode = FALSE
	EndGlobalSection
	GlobalSection(ExtensibilityGlobals) = postSolution
		SolutionGuid = {03FA5A96-2C73-498B-B27A-99DD33673D35}
	EndGlobalSection
EndGlobal
